
Microsoft Visual Studio Solution File, Format Version 12.00
Project("{FAE04EC0-301F-11D3-BF4B-00C04F79EFBC}") = "Lessons", "Lessons\Lessons.csproj", "{6D0437FB-7235-40E9-BB92-D48607588DC6}"
EndProject
Project("{FAE04EC0-301F-11D3-BF4B-00C04F79EFBC}") = "Homework", "Homework\Homework.csproj", "{2A554111-38EC-4EAB-AD79-BA3774C9912A}"
EndProject
Project("{FAE04EC0-301F-11D3-BF4B-00C04F79EFBC}") = "Homework2", "Homework2\Homework2.csproj", "{FFDD881F-264F-4A8E-88B3-005A244AFE1A}"
EndProject
Project("{FAE04EC0-301F-11D3-BF4B-00C04F79EFBC}") = "Homework3", "Homework3\Homework3.csproj", "{866445C8-378C-4479-A276-71D7538C09FD}"
EndProject
Project("{FAE04EC0-301F-11D3-BF4B-00C04F79EFBC}") = "Homework4", "Homework4\Homework4.csproj", "{856C654B-0C1C-4D84-84F2-8A67A40E1E42}"
EndProject
Project("{FAE04EC0-301F-11D3-BF4B-00C04F79EFBC}") = "Homework5", "Homework5\Homework5.csproj", "{03379059-13C7-4ED1-9BCC-6899E567D6B6}"
EndProject
Project("{FAE04EC0-301F-11D3-BF4B-00C04F79EFBC}") = "Homework6", "Homework6\Homework6.csproj", "{05C544E6-76DE-4A31-972C-C1EC27AD986B}"
EndProject
Project("{FAE04EC0-301F-11D3-BF4B-00C04F79EFBC}") = "Homework7", "Homework7\Homework7.csproj", "{939788DD-4C47-4209-87C9-E6CF6E6CFAEC}"
EndProject
Project("{FAE04EC0-301F-11D3-BF4B-00C04F79EFBC}") = "Homework8", "Homework8\Homework8.csproj", "{660167B5-59C8-40BB-A7D9-C5D863F5D338}"
EndProject
Project("{FAE04EC0-301F-11D3-BF4B-00C04F79EFBC}") = "Homework9", "Homework9\Homework9.csproj", "{242B831F-C56C-4DCC-B193-EB693336A21D}"
EndProject
Project("{FAE04EC0-301F-11D3-BF4B-00C04F79EFBC}") = "Homework10", "Homework10\Homework10.csproj", "{E1AD3BFE-D6CE-4D9F-8FF7-AB12A8E8BE68}"
EndProject
Project("{FAE04EC0-301F-11D3-BF4B-00C04F79EFBC}") = "Homework11", "Homework11\Homework11.csproj", "{E8ACDDE4-0716-465C-AAC0-579CEC3A3134}"
EndProject
Global
	GlobalSection(SolutionConfigurationPlatforms) = preSolution
		Debug|Any CPU = Debug|Any CPU
		Release|Any CPU = Release|Any CPU
	EndGlobalSection
	GlobalSection(ProjectConfigurationPlatforms) = postSolution
		{6D0437FB-7235-40E9-BB92-D48607588DC6}.Debug|Any CPU.ActiveCfg = Debug|Any CPU
		{6D0437FB-7235-40E9-BB92-D48607588DC6}.Debug|Any CPU.Build.0 = Debug|Any CPU
		{6D0437FB-7235-40E9-BB92-D48607588DC6}.Release|Any CPU.ActiveCfg = Release|Any CPU
		{6D0437FB-7235-40E9-BB92-D48607588DC6}.Release|Any CPU.Build.0 = Release|Any CPU
		{2A554111-38EC-4EAB-AD79-BA3774C9912A}.Debug|Any CPU.ActiveCfg = Debug|Any CPU
		{2A554111-38EC-4EAB-AD79-BA3774C9912A}.Debug|Any CPU.Build.0 = Debug|Any CPU
		{2A554111-38EC-4EAB-AD79-BA3774C9912A}.Release|Any CPU.ActiveCfg = Release|Any CPU
		{2A554111-38EC-4EAB-AD79-BA3774C9912A}.Release|Any CPU.Build.0 = Release|Any CPU
		{FFDD881F-264F-4A8E-88B3-005A244AFE1A}.Debug|Any CPU.ActiveCfg = Debug|Any CPU
		{FFDD881F-264F-4A8E-88B3-005A244AFE1A}.Debug|Any CPU.Build.0 = Debug|Any CPU
		{FFDD881F-264F-4A8E-88B3-005A244AFE1A}.Release|Any CPU.ActiveCfg = Release|Any CPU
		{FFDD881F-264F-4A8E-88B3-005A244AFE1A}.Release|Any CPU.Build.0 = Release|Any CPU
		{866445C8-378C-4479-A276-71D7538C09FD}.Debug|Any CPU.ActiveCfg = Debug|Any CPU
		{866445C8-378C-4479-A276-71D7538C09FD}.Debug|Any CPU.Build.0 = Debug|Any CPU
		{866445C8-378C-4479-A276-71D7538C09FD}.Release|Any CPU.ActiveCfg = Release|Any CPU
		{866445C8-378C-4479-A276-71D7538C09FD}.Release|Any CPU.Build.0 = Release|Any CPU
		{856C654B-0C1C-4D84-84F2-8A67A40E1E42}.Debug|Any CPU.ActiveCfg = Debug|Any CPU
		{856C654B-0C1C-4D84-84F2-8A67A40E1E42}.Debug|Any CPU.Build.0 = Debug|Any CPU
		{856C654B-0C1C-4D84-84F2-8A67A40E1E42}.Release|Any CPU.ActiveCfg = Release|Any CPU
		{856C654B-0C1C-4D84-84F2-8A67A40E1E42}.Release|Any CPU.Build.0 = Release|Any CPU
		{03379059-13C7-4ED1-9BCC-6899E567D6B6}.Debug|Any CPU.ActiveCfg = Debug|Any CPU
		{03379059-13C7-4ED1-9BCC-6899E567D6B6}.Debug|Any CPU.Build.0 = Debug|Any CPU
		{03379059-13C7-4ED1-9BCC-6899E567D6B6}.Release|Any CPU.ActiveCfg = Release|Any CPU
		{03379059-13C7-4ED1-9BCC-6899E567D6B6}.Release|Any CPU.Build.0 = Release|Any CPU
		{05C544E6-76DE-4A31-972C-C1EC27AD986B}.Debug|Any CPU.ActiveCfg = Debug|Any CPU
		{05C544E6-76DE-4A31-972C-C1EC27AD986B}.Debug|Any CPU.Build.0 = Debug|Any CPU
		{05C544E6-76DE-4A31-972C-C1EC27AD986B}.Release|Any CPU.ActiveCfg = Release|Any CPU
		{05C544E6-76DE-4A31-972C-C1EC27AD986B}.Release|Any CPU.Build.0 = Release|Any CPU
		{939788DD-4C47-4209-87C9-E6CF6E6CFAEC}.Debug|Any CPU.ActiveCfg = Debug|Any CPU
		{939788DD-4C47-4209-87C9-E6CF6E6CFAEC}.Debug|Any CPU.Build.0 = Debug|Any CPU
		{939788DD-4C47-4209-87C9-E6CF6E6CFAEC}.Release|Any CPU.ActiveCfg = Release|Any CPU
		{939788DD-4C47-4209-87C9-E6CF6E6CFAEC}.Release|Any CPU.Build.0 = Release|Any CPU
		{660167B5-59C8-40BB-A7D9-C5D863F5D338}.Debug|Any CPU.ActiveCfg = Debug|Any CPU
		{660167B5-59C8-40BB-A7D9-C5D863F5D338}.Debug|Any CPU.Build.0 = Debug|Any CPU
		{660167B5-59C8-40BB-A7D9-C5D863F5D338}.Release|Any CPU.ActiveCfg = Release|Any CPU
		{660167B5-59C8-40BB-A7D9-C5D863F5D338}.Release|Any CPU.Build.0 = Release|Any CPU
		{242B831F-C56C-4DCC-B193-EB693336A21D}.Debug|Any CPU.ActiveCfg = Debug|Any CPU
		{242B831F-C56C-4DCC-B193-EB693336A21D}.Debug|Any CPU.Build.0 = Debug|Any CPU
		{242B831F-C56C-4DCC-B193-EB693336A21D}.Release|Any CPU.ActiveCfg = Release|Any CPU
		{242B831F-C56C-4DCC-B193-EB693336A21D}.Release|Any CPU.Build.0 = Release|Any CPU
		{E1AD3BFE-D6CE-4D9F-8FF7-AB12A8E8BE68}.Debug|Any CPU.ActiveCfg = Debug|Any CPU
		{E1AD3BFE-D6CE-4D9F-8FF7-AB12A8E8BE68}.Debug|Any CPU.Build.0 = Debug|Any CPU
		{E1AD3BFE-D6CE-4D9F-8FF7-AB12A8E8BE68}.Release|Any CPU.ActiveCfg = Release|Any CPU
		{E1AD3BFE-D6CE-4D9F-8FF7-AB12A8E8BE68}.Release|Any CPU.Build.0 = Release|Any CPU
		{E8ACDDE4-0716-465C-AAC0-579CEC3A3134}.Debug|Any CPU.ActiveCfg = Debug|Any CPU
		{E8ACDDE4-0716-465C-AAC0-579CEC3A3134}.Debug|Any CPU.Build.0 = Debug|Any CPU
		{E8ACDDE4-0716-465C-AAC0-579CEC3A3134}.Release|Any CPU.ActiveCfg = Release|Any CPU
		{E8ACDDE4-0716-465C-AAC0-579CEC3A3134}.Release|Any CPU.Build.0 = Release|Any CPU
	EndGlobalSection
EndGlobal
