
Microsoft Visual Studio Solution File, Format Version 12.00
Project("{FAE04EC0-301F-11D3-BF4B-00C04F79EFBC}") = "Lessons", "Lessons\Lessons.csproj", "{6D0437FB-7235-40E9-BB92-D48607588DC6}"
EndProject
Project("{FAE04EC0-301F-11D3-BF4B-00C04F79EFBC}") = "Homework", "Homework\Homework.csproj", "{2A554111-38EC-4EAB-AD79-BA3774C9912A}"
EndProject
Project("{FAE04EC0-301F-11D3-BF4B-00C04F79EFBC}") = "Homework2", "Homework2\Homework2.csproj", "{FFDD881F-264F-4A8E-88B3-005A244AFE1A}"
EndProject
Project("{FAE04EC0-301F-11D3-BF4B-00C04F79EFBC}") = "Homework3", "Homework3\Homework3.csproj", "{866445C8-378C-4479-A276-71D7538C09FD}"
EndProject
Project("{FAE04EC0-301F-11D3-BF4B-00C04F79EFBC}") = "Homework4", "Homework4\Homework4.csproj", "{856C654B-0C1C-4D84-84F2-8A67A40E1E42}"
EndProject
Global
	GlobalSection(SolutionConfigurationPlatforms) = preSolution
		Debug|Any CPU = Debug|Any CPU
		Release|Any CPU = Release|Any CPU
	EndGlobalSection
	GlobalSection(ProjectConfigurationPlatforms) = postSolution
		{6D0437FB-7235-40E9-BB92-D48607588DC6}.Debug|Any CPU.ActiveCfg = Debug|Any CPU
		{6D0437FB-7235-40E9-BB92-D48607588DC6}.Debug|Any CPU.Build.0 = Debug|Any CPU
		{6D0437FB-7235-40E9-BB92-D48607588DC6}.Release|Any CPU.ActiveCfg = Release|Any CPU
		{6D0437FB-7235-40E9-BB92-D48607588DC6}.Release|Any CPU.Build.0 = Release|Any CPU
		{2A554111-38EC-4EAB-AD79-BA3774C9912A}.Debug|Any CPU.ActiveCfg = Debug|Any CPU
		{2A554111-38EC-4EAB-AD79-BA3774C9912A}.Debug|Any CPU.Build.0 = Debug|Any CPU
		{2A554111-38EC-4EAB-AD79-BA3774C9912A}.Release|Any CPU.ActiveCfg = Release|Any CPU
		{2A554111-38EC-4EAB-AD79-BA3774C9912A}.Release|Any CPU.Build.0 = Release|Any CPU
		{FFDD881F-264F-4A8E-88B3-005A244AFE1A}.Debug|Any CPU.ActiveCfg = Debug|Any CPU
		{FFDD881F-264F-4A8E-88B3-005A244AFE1A}.Debug|Any CPU.Build.0 = Debug|Any CPU
		{FFDD881F-264F-4A8E-88B3-005A244AFE1A}.Release|Any CPU.ActiveCfg = Release|Any CPU
		{FFDD881F-264F-4A8E-88B3-005A244AFE1A}.Release|Any CPU.Build.0 = Release|Any CPU
		{866445C8-378C-4479-A276-71D7538C09FD}.Debug|Any CPU.ActiveCfg = Debug|Any CPU
		{866445C8-378C-4479-A276-71D7538C09FD}.Debug|Any CPU.Build.0 = Debug|Any CPU
		{866445C8-378C-4479-A276-71D7538C09FD}.Release|Any CPU.ActiveCfg = Release|Any CPU
		{866445C8-378C-4479-A276-71D7538C09FD}.Release|Any CPU.Build.0 = Release|Any CPU
		{856C654B-0C1C-4D84-84F2-8A67A40E1E42}.Debug|Any CPU.ActiveCfg = Debug|Any CPU
		{856C654B-0C1C-4D84-84F2-8A67A40E1E42}.Debug|Any CPU.Build.0 = Debug|Any CPU
		{856C654B-0C1C-4D84-84F2-8A67A40E1E42}.Release|Any CPU.ActiveCfg = Release|Any CPU
		{856C654B-0C1C-4D84-84F2-8A67A40E1E42}.Release|Any CPU.Build.0 = Release|Any CPU
	EndGlobalSection
EndGlobal
